
Microsoft Visual Studio Solution File, Format Version 12.00
# Visual Studio Version 16
VisualStudioVersion = 16.0.31605.320
MinimumVisualStudioVersion = 10.0.40219.1
Project("{FAE04EC0-301F-11D3-BF4B-00C04F79EFBC}") = "PracticingCSharp", "PracticingCSharp.csproj", "{17D2D109-0306-44F2-897D-00F9ABED2D55}"
EndProject
Global
	GlobalSection(SolutionConfigurationPlatforms) = preSolution
		Debug|Any CPU = Debug|Any CPU
		Release|Any CPU = Release|Any CPU
	EndGlobalSection
	GlobalSection(ProjectConfigurationPlatforms) = postSolution
		{17D2D109-0306-44F2-897D-00F9ABED2D55}.Debug|Any CPU.ActiveCfg = Debug|Any CPU
		{17D2D109-0306-44F2-897D-00F9ABED2D55}.Debug|Any CPU.Build.0 = Debug|Any CPU
		{17D2D109-0306-44F2-897D-00F9ABED2D55}.Release|Any CPU.ActiveCfg = Release|Any CPU
		{17D2D109-0306-44F2-897D-00F9ABED2D55}.Release|Any CPU.Build.0 = Release|Any CPU
	EndGlobalSection
	GlobalSection(SolutionProperties) = preSolution
		HideSolutionNode = FALSE
	EndGlobalSection
	GlobalSection(ExtensibilityGlobals) = postSolution
		SolutionGuid = {F4DBA85A-8127-4F31-AA81-A3ABBD758293}
	EndGlobalSection
EndGlobal
